// !$*UTF8*$!
{
	archiveVersion = 1;
	classes = {
	};
	objectVersion = 56;
	objects = {

/* Begin PBXBuildFile section */
<<<<<<< Updated upstream
		A08E63652AB8892D006E2094 /* main.cpp in Sources */ = {isa = PBXBuildFile; fileRef = A08E63642AB8892D006E2094 /* main.cpp */; };
		A08E636D2AB8894D006E2094 /* Func.cpp in Sources */ = {isa = PBXBuildFile; fileRef = A08E636C2AB8894D006E2094 /* Func.cpp */; };
/* End PBXBuildFile section */

/* Begin PBXCopyFilesBuildPhase section */
		A08E635F2AB8892D006E2094 /* CopyFiles */ = {
=======
		A0F8A7292AB4076F00D6B792 /* main.cpp in Sources */ = {isa = PBXBuildFile; fileRef = A0F8A7282AB4076F00D6B792 /* main.cpp */; };
		A0F8A7312AB407A400D6B792 /* Func.cpp in Sources */ = {isa = PBXBuildFile; fileRef = A0F8A7302AB407A400D6B792 /* Func.cpp */; };
/* End PBXBuildFile section */

/* Begin PBXCopyFilesBuildPhase section */
		A0F8A7232AB4076F00D6B792 /* CopyFiles */ = {
>>>>>>> Stashed changes
			isa = PBXCopyFilesBuildPhase;
			buildActionMask = 2147483647;
			dstPath = /usr/share/man/man1/;
			dstSubfolderSpec = 0;
			files = (
			);
			runOnlyForDeploymentPostprocessing = 1;
		};
/* End PBXCopyFilesBuildPhase section */

/* Begin PBXFileReference section */
<<<<<<< Updated upstream
		A08E63612AB8892D006E2094 /* AaDS Lab 1 */ = {isa = PBXFileReference; explicitFileType = "compiled.mach-o.executable"; includeInIndex = 0; path = "AaDS Lab 1"; sourceTree = BUILT_PRODUCTS_DIR; };
		A08E63642AB8892D006E2094 /* main.cpp */ = {isa = PBXFileReference; lastKnownFileType = sourcecode.cpp.cpp; path = main.cpp; sourceTree = "<group>"; };
		A08E636B2AB88940006E2094 /* Func.h */ = {isa = PBXFileReference; lastKnownFileType = sourcecode.c.h; path = Func.h; sourceTree = "<group>"; };
		A08E636C2AB8894D006E2094 /* Func.cpp */ = {isa = PBXFileReference; lastKnownFileType = sourcecode.cpp.cpp; path = Func.cpp; sourceTree = "<group>"; };
/* End PBXFileReference section */

/* Begin PBXFrameworksBuildPhase section */
		A08E635E2AB8892D006E2094 /* Frameworks */ = {
=======
		A0F8A7252AB4076F00D6B792 /* AaDS Lab 1 */ = {isa = PBXFileReference; explicitFileType = "compiled.mach-o.executable"; includeInIndex = 0; path = "AaDS Lab 1"; sourceTree = BUILT_PRODUCTS_DIR; };
		A0F8A7282AB4076F00D6B792 /* main.cpp */ = {isa = PBXFileReference; lastKnownFileType = sourcecode.cpp.cpp; path = main.cpp; sourceTree = "<group>"; };
		A0F8A72F2AB4078700D6B792 /* Func.h */ = {isa = PBXFileReference; lastKnownFileType = sourcecode.c.h; path = Func.h; sourceTree = "<group>"; };
		A0F8A7302AB407A400D6B792 /* Func.cpp */ = {isa = PBXFileReference; lastKnownFileType = sourcecode.cpp.cpp; path = Func.cpp; sourceTree = "<group>"; };
/* End PBXFileReference section */

/* Begin PBXFrameworksBuildPhase section */
		A0F8A7222AB4076F00D6B792 /* Frameworks */ = {
>>>>>>> Stashed changes
			isa = PBXFrameworksBuildPhase;
			buildActionMask = 2147483647;
			files = (
			);
			runOnlyForDeploymentPostprocessing = 0;
		};
/* End PBXFrameworksBuildPhase section */

/* Begin PBXGroup section */
<<<<<<< Updated upstream
		A08E63582AB8892D006E2094 = {
			isa = PBXGroup;
			children = (
				A08E63632AB8892D006E2094 /* AaDS Lab 1 */,
				A08E63622AB8892D006E2094 /* Products */,
			);
			sourceTree = "<group>";
		};
		A08E63622AB8892D006E2094 /* Products */ = {
			isa = PBXGroup;
			children = (
				A08E63612AB8892D006E2094 /* AaDS Lab 1 */,
=======
		A0F8A71C2AB4076F00D6B792 = {
			isa = PBXGroup;
			children = (
				A0F8A7272AB4076F00D6B792 /* AaDS Lab 1 */,
				A0F8A7262AB4076F00D6B792 /* Products */,
			);
			sourceTree = "<group>";
		};
		A0F8A7262AB4076F00D6B792 /* Products */ = {
			isa = PBXGroup;
			children = (
				A0F8A7252AB4076F00D6B792 /* AaDS Lab 1 */,
>>>>>>> Stashed changes
			);
			name = Products;
			sourceTree = "<group>";
		};
<<<<<<< Updated upstream
		A08E63632AB8892D006E2094 /* AaDS Lab 1 */ = {
			isa = PBXGroup;
			children = (
				A08E63642AB8892D006E2094 /* main.cpp */,
				A08E636B2AB88940006E2094 /* Func.h */,
				A08E636C2AB8894D006E2094 /* Func.cpp */,
=======
		A0F8A7272AB4076F00D6B792 /* AaDS Lab 1 */ = {
			isa = PBXGroup;
			children = (
				A0F8A7282AB4076F00D6B792 /* main.cpp */,
				A0F8A72F2AB4078700D6B792 /* Func.h */,
				A0F8A7302AB407A400D6B792 /* Func.cpp */,
>>>>>>> Stashed changes
			);
			path = "AaDS Lab 1";
			sourceTree = "<group>";
		};
/* End PBXGroup section */

/* Begin PBXNativeTarget section */
<<<<<<< Updated upstream
		A08E63602AB8892D006E2094 /* AaDS Lab 1 */ = {
			isa = PBXNativeTarget;
			buildConfigurationList = A08E63682AB8892D006E2094 /* Build configuration list for PBXNativeTarget "AaDS Lab 1" */;
			buildPhases = (
				A08E635D2AB8892D006E2094 /* Sources */,
				A08E635E2AB8892D006E2094 /* Frameworks */,
				A08E635F2AB8892D006E2094 /* CopyFiles */,
=======
		A0F8A7242AB4076F00D6B792 /* AaDS Lab 1 */ = {
			isa = PBXNativeTarget;
			buildConfigurationList = A0F8A72C2AB4076F00D6B792 /* Build configuration list for PBXNativeTarget "AaDS Lab 1" */;
			buildPhases = (
				A0F8A7212AB4076F00D6B792 /* Sources */,
				A0F8A7222AB4076F00D6B792 /* Frameworks */,
				A0F8A7232AB4076F00D6B792 /* CopyFiles */,
>>>>>>> Stashed changes
			);
			buildRules = (
			);
			dependencies = (
			);
			name = "AaDS Lab 1";
			productName = "AaDS Lab 1";
<<<<<<< Updated upstream
			productReference = A08E63612AB8892D006E2094 /* AaDS Lab 1 */;
=======
			productReference = A0F8A7252AB4076F00D6B792 /* AaDS Lab 1 */;
>>>>>>> Stashed changes
			productType = "com.apple.product-type.tool";
		};
/* End PBXNativeTarget section */

/* Begin PBXProject section */
<<<<<<< Updated upstream
		A08E63592AB8892D006E2094 /* Project object */ = {
=======
		A0F8A71D2AB4076F00D6B792 /* Project object */ = {
>>>>>>> Stashed changes
			isa = PBXProject;
			attributes = {
				BuildIndependentTargetsInParallel = 1;
				LastUpgradeCheck = 1430;
				TargetAttributes = {
<<<<<<< Updated upstream
					A08E63602AB8892D006E2094 = {
=======
					A0F8A7242AB4076F00D6B792 = {
>>>>>>> Stashed changes
						CreatedOnToolsVersion = 14.3.1;
					};
				};
			};
<<<<<<< Updated upstream
			buildConfigurationList = A08E635C2AB8892D006E2094 /* Build configuration list for PBXProject "AaDS Lab 1" */;
=======
			buildConfigurationList = A0F8A7202AB4076F00D6B792 /* Build configuration list for PBXProject "AaDS Lab 1" */;
>>>>>>> Stashed changes
			compatibilityVersion = "Xcode 14.0";
			developmentRegion = en;
			hasScannedForEncodings = 0;
			knownRegions = (
				en,
				Base,
			);
<<<<<<< Updated upstream
			mainGroup = A08E63582AB8892D006E2094;
			productRefGroup = A08E63622AB8892D006E2094 /* Products */;
			projectDirPath = "";
			projectRoot = "";
			targets = (
				A08E63602AB8892D006E2094 /* AaDS Lab 1 */,
=======
			mainGroup = A0F8A71C2AB4076F00D6B792;
			productRefGroup = A0F8A7262AB4076F00D6B792 /* Products */;
			projectDirPath = "";
			projectRoot = "";
			targets = (
				A0F8A7242AB4076F00D6B792 /* AaDS Lab 1 */,
>>>>>>> Stashed changes
			);
		};
/* End PBXProject section */

/* Begin PBXSourcesBuildPhase section */
<<<<<<< Updated upstream
		A08E635D2AB8892D006E2094 /* Sources */ = {
			isa = PBXSourcesBuildPhase;
			buildActionMask = 2147483647;
			files = (
				A08E63652AB8892D006E2094 /* main.cpp in Sources */,
				A08E636D2AB8894D006E2094 /* Func.cpp in Sources */,
=======
		A0F8A7212AB4076F00D6B792 /* Sources */ = {
			isa = PBXSourcesBuildPhase;
			buildActionMask = 2147483647;
			files = (
				A0F8A7292AB4076F00D6B792 /* main.cpp in Sources */,
				A0F8A7312AB407A400D6B792 /* Func.cpp in Sources */,
>>>>>>> Stashed changes
			);
			runOnlyForDeploymentPostprocessing = 0;
		};
/* End PBXSourcesBuildPhase section */

/* Begin XCBuildConfiguration section */
<<<<<<< Updated upstream
		A08E63662AB8892D006E2094 /* Debug */ = {
=======
		A0F8A72A2AB4076F00D6B792 /* Debug */ = {
>>>>>>> Stashed changes
			isa = XCBuildConfiguration;
			buildSettings = {
				ALWAYS_SEARCH_USER_PATHS = NO;
				CLANG_ANALYZER_NONNULL = YES;
				CLANG_ANALYZER_NUMBER_OBJECT_CONVERSION = YES_AGGRESSIVE;
				CLANG_CXX_LANGUAGE_STANDARD = "gnu++20";
				CLANG_ENABLE_MODULES = YES;
				CLANG_ENABLE_OBJC_ARC = YES;
				CLANG_ENABLE_OBJC_WEAK = YES;
				CLANG_WARN_BLOCK_CAPTURE_AUTORELEASING = YES;
				CLANG_WARN_BOOL_CONVERSION = YES;
				CLANG_WARN_COMMA = YES;
				CLANG_WARN_CONSTANT_CONVERSION = YES;
				CLANG_WARN_DEPRECATED_OBJC_IMPLEMENTATIONS = YES;
				CLANG_WARN_DIRECT_OBJC_ISA_USAGE = YES_ERROR;
				CLANG_WARN_DOCUMENTATION_COMMENTS = YES;
				CLANG_WARN_EMPTY_BODY = YES;
				CLANG_WARN_ENUM_CONVERSION = YES;
				CLANG_WARN_INFINITE_RECURSION = YES;
				CLANG_WARN_INT_CONVERSION = YES;
				CLANG_WARN_NON_LITERAL_NULL_CONVERSION = YES;
				CLANG_WARN_OBJC_IMPLICIT_RETAIN_SELF = YES;
				CLANG_WARN_OBJC_LITERAL_CONVERSION = YES;
				CLANG_WARN_OBJC_ROOT_CLASS = YES_ERROR;
				CLANG_WARN_QUOTED_INCLUDE_IN_FRAMEWORK_HEADER = YES;
				CLANG_WARN_RANGE_LOOP_ANALYSIS = YES;
				CLANG_WARN_STRICT_PROTOTYPES = YES;
				CLANG_WARN_SUSPICIOUS_MOVE = YES;
				CLANG_WARN_UNGUARDED_AVAILABILITY = YES_AGGRESSIVE;
				CLANG_WARN_UNREACHABLE_CODE = YES;
				CLANG_WARN__DUPLICATE_METHOD_MATCH = YES;
				COPY_PHASE_STRIP = NO;
				DEBUG_INFORMATION_FORMAT = dwarf;
				ENABLE_STRICT_OBJC_MSGSEND = YES;
				ENABLE_TESTABILITY = YES;
				GCC_C_LANGUAGE_STANDARD = gnu11;
				GCC_DYNAMIC_NO_PIC = NO;
				GCC_NO_COMMON_BLOCKS = YES;
				GCC_OPTIMIZATION_LEVEL = 0;
				GCC_PREPROCESSOR_DEFINITIONS = (
					"DEBUG=1",
					"$(inherited)",
				);
				GCC_WARN_64_TO_32_BIT_CONVERSION = YES;
				GCC_WARN_ABOUT_RETURN_TYPE = YES_ERROR;
				GCC_WARN_UNDECLARED_SELECTOR = YES;
				GCC_WARN_UNINITIALIZED_AUTOS = YES_AGGRESSIVE;
				GCC_WARN_UNUSED_FUNCTION = YES;
				GCC_WARN_UNUSED_VARIABLE = YES;
				MACOSX_DEPLOYMENT_TARGET = 13.3;
				MTL_ENABLE_DEBUG_INFO = INCLUDE_SOURCE;
				MTL_FAST_MATH = YES;
				ONLY_ACTIVE_ARCH = YES;
				SDKROOT = macosx;
			};
			name = Debug;
		};
<<<<<<< Updated upstream
		A08E63672AB8892D006E2094 /* Release */ = {
=======
		A0F8A72B2AB4076F00D6B792 /* Release */ = {
>>>>>>> Stashed changes
			isa = XCBuildConfiguration;
			buildSettings = {
				ALWAYS_SEARCH_USER_PATHS = NO;
				CLANG_ANALYZER_NONNULL = YES;
				CLANG_ANALYZER_NUMBER_OBJECT_CONVERSION = YES_AGGRESSIVE;
				CLANG_CXX_LANGUAGE_STANDARD = "gnu++20";
				CLANG_ENABLE_MODULES = YES;
				CLANG_ENABLE_OBJC_ARC = YES;
				CLANG_ENABLE_OBJC_WEAK = YES;
				CLANG_WARN_BLOCK_CAPTURE_AUTORELEASING = YES;
				CLANG_WARN_BOOL_CONVERSION = YES;
				CLANG_WARN_COMMA = YES;
				CLANG_WARN_CONSTANT_CONVERSION = YES;
				CLANG_WARN_DEPRECATED_OBJC_IMPLEMENTATIONS = YES;
				CLANG_WARN_DIRECT_OBJC_ISA_USAGE = YES_ERROR;
				CLANG_WARN_DOCUMENTATION_COMMENTS = YES;
				CLANG_WARN_EMPTY_BODY = YES;
				CLANG_WARN_ENUM_CONVERSION = YES;
				CLANG_WARN_INFINITE_RECURSION = YES;
				CLANG_WARN_INT_CONVERSION = YES;
				CLANG_WARN_NON_LITERAL_NULL_CONVERSION = YES;
				CLANG_WARN_OBJC_IMPLICIT_RETAIN_SELF = YES;
				CLANG_WARN_OBJC_LITERAL_CONVERSION = YES;
				CLANG_WARN_OBJC_ROOT_CLASS = YES_ERROR;
				CLANG_WARN_QUOTED_INCLUDE_IN_FRAMEWORK_HEADER = YES;
				CLANG_WARN_RANGE_LOOP_ANALYSIS = YES;
				CLANG_WARN_STRICT_PROTOTYPES = YES;
				CLANG_WARN_SUSPICIOUS_MOVE = YES;
				CLANG_WARN_UNGUARDED_AVAILABILITY = YES_AGGRESSIVE;
				CLANG_WARN_UNREACHABLE_CODE = YES;
				CLANG_WARN__DUPLICATE_METHOD_MATCH = YES;
				COPY_PHASE_STRIP = NO;
				DEBUG_INFORMATION_FORMAT = "dwarf-with-dsym";
				ENABLE_NS_ASSERTIONS = NO;
				ENABLE_STRICT_OBJC_MSGSEND = YES;
				GCC_C_LANGUAGE_STANDARD = gnu11;
				GCC_NO_COMMON_BLOCKS = YES;
				GCC_WARN_64_TO_32_BIT_CONVERSION = YES;
				GCC_WARN_ABOUT_RETURN_TYPE = YES_ERROR;
				GCC_WARN_UNDECLARED_SELECTOR = YES;
				GCC_WARN_UNINITIALIZED_AUTOS = YES_AGGRESSIVE;
				GCC_WARN_UNUSED_FUNCTION = YES;
				GCC_WARN_UNUSED_VARIABLE = YES;
				MACOSX_DEPLOYMENT_TARGET = 13.3;
				MTL_ENABLE_DEBUG_INFO = NO;
				MTL_FAST_MATH = YES;
				SDKROOT = macosx;
			};
			name = Release;
		};
<<<<<<< Updated upstream
		A08E63692AB8892D006E2094 /* Debug */ = {
=======
		A0F8A72D2AB4076F00D6B792 /* Debug */ = {
>>>>>>> Stashed changes
			isa = XCBuildConfiguration;
			buildSettings = {
				CODE_SIGN_STYLE = Automatic;
				PRODUCT_NAME = "$(TARGET_NAME)";
			};
			name = Debug;
		};
<<<<<<< Updated upstream
		A08E636A2AB8892D006E2094 /* Release */ = {
=======
		A0F8A72E2AB4076F00D6B792 /* Release */ = {
>>>>>>> Stashed changes
			isa = XCBuildConfiguration;
			buildSettings = {
				CODE_SIGN_STYLE = Automatic;
				PRODUCT_NAME = "$(TARGET_NAME)";
			};
			name = Release;
		};
/* End XCBuildConfiguration section */

/* Begin XCConfigurationList section */
<<<<<<< Updated upstream
		A08E635C2AB8892D006E2094 /* Build configuration list for PBXProject "AaDS Lab 1" */ = {
			isa = XCConfigurationList;
			buildConfigurations = (
				A08E63662AB8892D006E2094 /* Debug */,
				A08E63672AB8892D006E2094 /* Release */,
=======
		A0F8A7202AB4076F00D6B792 /* Build configuration list for PBXProject "AaDS Lab 1" */ = {
			isa = XCConfigurationList;
			buildConfigurations = (
				A0F8A72A2AB4076F00D6B792 /* Debug */,
				A0F8A72B2AB4076F00D6B792 /* Release */,
>>>>>>> Stashed changes
			);
			defaultConfigurationIsVisible = 0;
			defaultConfigurationName = Release;
		};
<<<<<<< Updated upstream
		A08E63682AB8892D006E2094 /* Build configuration list for PBXNativeTarget "AaDS Lab 1" */ = {
			isa = XCConfigurationList;
			buildConfigurations = (
				A08E63692AB8892D006E2094 /* Debug */,
				A08E636A2AB8892D006E2094 /* Release */,
=======
		A0F8A72C2AB4076F00D6B792 /* Build configuration list for PBXNativeTarget "AaDS Lab 1" */ = {
			isa = XCConfigurationList;
			buildConfigurations = (
				A0F8A72D2AB4076F00D6B792 /* Debug */,
				A0F8A72E2AB4076F00D6B792 /* Release */,
>>>>>>> Stashed changes
			);
			defaultConfigurationIsVisible = 0;
			defaultConfigurationName = Release;
		};
/* End XCConfigurationList section */
	};
<<<<<<< Updated upstream
	rootObject = A08E63592AB8892D006E2094 /* Project object */;
=======
	rootObject = A0F8A71D2AB4076F00D6B792 /* Project object */;
>>>>>>> Stashed changes
}
